// !$*UTF8*$!
{
	archiveVersion = 1;
	classes = {
	};
	objectVersion = 55;
	objects = {

/* Begin PBXBuildFile section */
		C001726D27F568DC00DBEA47 /* AppDelegate.swift in Sources */ = {isa = PBXBuildFile; fileRef = C001726C27F568DC00DBEA47 /* AppDelegate.swift */; };
		C001726F27F568DC00DBEA47 /* SceneDelegate.swift in Sources */ = {isa = PBXBuildFile; fileRef = C001726E27F568DC00DBEA47 /* SceneDelegate.swift */; };
		C001727127F568DC00DBEA47 /* ViewController.swift in Sources */ = {isa = PBXBuildFile; fileRef = C001727027F568DC00DBEA47 /* ViewController.swift */; };
		C001727627F568DE00DBEA47 /* Assets.xcassets in Resources */ = {isa = PBXBuildFile; fileRef = C001727527F568DE00DBEA47 /* Assets.xcassets */; };
		C001727927F568DE00DBEA47 /* LaunchScreen.storyboard in Resources */ = {isa = PBXBuildFile; fileRef = C001727727F568DE00DBEA47 /* LaunchScreen.storyboard */; };
		C001728427F568DF00DBEA47 /* ImageSearchTests.swift in Sources */ = {isa = PBXBuildFile; fileRef = C001728327F568DF00DBEA47 /* ImageSearchTests.swift */; };
		C001729E27F56A9600DBEA47 /* ReactorKit in Frameworks */ = {isa = PBXBuildFile; productRef = C001729D27F56A9600DBEA47 /* ReactorKit */; };
		C00172A127F56D7700DBEA47 /* Kingfisher in Frameworks */ = {isa = PBXBuildFile; productRef = C00172A027F56D7700DBEA47 /* Kingfisher */; };
/* End PBXBuildFile section */

/* Begin PBXContainerItemProxy section */
		C001728027F568DF00DBEA47 /* PBXContainerItemProxy */ = {
			isa = PBXContainerItemProxy;
			containerPortal = C001726127F568DC00DBEA47 /* Project object */;
			proxyType = 1;
			remoteGlobalIDString = C001726827F568DC00DBEA47;
			remoteInfo = ImageSearch;
		};
		C001728A27F568DF00DBEA47 /* PBXContainerItemProxy */ = {
			isa = PBXContainerItemProxy;
			containerPortal = C001726127F568DC00DBEA47 /* Project object */;
			proxyType = 1;
			remoteGlobalIDString = C001726827F568DC00DBEA47;
			remoteInfo = ImageSearch;
		};
/* End PBXContainerItemProxy section */

/* Begin PBXFileReference section */
		C001726927F568DC00DBEA47 /* ImageSearch.app */ = {isa = PBXFileReference; explicitFileType = wrapper.application; includeInIndex = 0; path = ImageSearch.app; sourceTree = BUILT_PRODUCTS_DIR; };
		C001726C27F568DC00DBEA47 /* AppDelegate.swift */ = {isa = PBXFileReference; lastKnownFileType = sourcecode.swift; path = AppDelegate.swift; sourceTree = "<group>"; };
		C001726E27F568DC00DBEA47 /* SceneDelegate.swift */ = {isa = PBXFileReference; lastKnownFileType = sourcecode.swift; path = SceneDelegate.swift; sourceTree = "<group>"; };
		C001727027F568DC00DBEA47 /* ViewController.swift */ = {isa = PBXFileReference; lastKnownFileType = sourcecode.swift; path = ViewController.swift; sourceTree = "<group>"; };
		C001727527F568DE00DBEA47 /* Assets.xcassets */ = {isa = PBXFileReference; lastKnownFileType = folder.assetcatalog; path = Assets.xcassets; sourceTree = "<group>"; };
		C001727827F568DE00DBEA47 /* Base */ = {isa = PBXFileReference; lastKnownFileType = file.storyboard; name = Base; path = Base.lproj/LaunchScreen.storyboard; sourceTree = "<group>"; };
		C001727A27F568DE00DBEA47 /* Info.plist */ = {isa = PBXFileReference; lastKnownFileType = text.plist.xml; path = Info.plist; sourceTree = "<group>"; };
		C001727F27F568DF00DBEA47 /* ImageSearchTests.xctest */ = {isa = PBXFileReference; explicitFileType = wrapper.cfbundle; includeInIndex = 0; path = ImageSearchTests.xctest; sourceTree = BUILT_PRODUCTS_DIR; };
		C001728327F568DF00DBEA47 /* ImageSearchTests.swift */ = {isa = PBXFileReference; lastKnownFileType = sourcecode.swift; path = ImageSearchTests.swift; sourceTree = "<group>"; };
		C001728927F568DF00DBEA47 /* ImageSearchUITests.xctest */ = {isa = PBXFileReference; explicitFileType = wrapper.cfbundle; includeInIndex = 0; path = ImageSearchUITests.xctest; sourceTree = BUILT_PRODUCTS_DIR; };
/* End PBXFileReference section */

/* Begin PBXFrameworksBuildPhase section */
		C001726627F568DC00DBEA47 /* Frameworks */ = {
			isa = PBXFrameworksBuildPhase;
			buildActionMask = 2147483647;
			files = (
				C00172A127F56D7700DBEA47 /* Kingfisher in Frameworks */,
				C001729E27F56A9600DBEA47 /* ReactorKit in Frameworks */,
			);
			runOnlyForDeploymentPostprocessing = 0;
		};
		C001727C27F568DF00DBEA47 /* Frameworks */ = {
			isa = PBXFrameworksBuildPhase;
			buildActionMask = 2147483647;
			files = (
			);
			runOnlyForDeploymentPostprocessing = 0;
		};
		C001728627F568DF00DBEA47 /* Frameworks */ = {
			isa = PBXFrameworksBuildPhase;
			buildActionMask = 2147483647;
			files = (
			);
			runOnlyForDeploymentPostprocessing = 0;
		};
/* End PBXFrameworksBuildPhase section */

/* Begin PBXGroup section */
		C001726027F568DC00DBEA47 = {
			isa = PBXGroup;
			children = (
				C001726B27F568DC00DBEA47 /* ImageSearch */,
				C001728227F568DF00DBEA47 /* ImageSearchTests */,
				C001726A27F568DC00DBEA47 /* Products */,
			);
			sourceTree = "<group>";
		};
		C001726A27F568DC00DBEA47 /* Products */ = {
			isa = PBXGroup;
			children = (
				C001726927F568DC00DBEA47 /* ImageSearch.app */,
				C001727F27F568DF00DBEA47 /* ImageSearchTests.xctest */,
				C001728927F568DF00DBEA47 /* ImageSearchUITests.xctest */,
			);
			name = Products;
			sourceTree = "<group>";
		};
		C001726B27F568DC00DBEA47 /* ImageSearch */ = {
			isa = PBXGroup;
			children = (
				C001726C27F568DC00DBEA47 /* AppDelegate.swift */,
				C001726E27F568DC00DBEA47 /* SceneDelegate.swift */,
				C001727027F568DC00DBEA47 /* ViewController.swift */,
				C001727527F568DE00DBEA47 /* Assets.xcassets */,
				C001727727F568DE00DBEA47 /* LaunchScreen.storyboard */,
				C001727A27F568DE00DBEA47 /* Info.plist */,
			);
			path = ImageSearch;
			sourceTree = "<group>";
		};
		C001728227F568DF00DBEA47 /* ImageSearchTests */ = {
			isa = PBXGroup;
			children = (
				C001728327F568DF00DBEA47 /* ImageSearchTests.swift */,
			);
			path = ImageSearchTests;
			sourceTree = "<group>";
		};
/* End PBXGroup section */

/* Begin PBXNativeTarget section */
		C001726827F568DC00DBEA47 /* ImageSearch */ = {
			isa = PBXNativeTarget;
			buildConfigurationList = C001729327F568DF00DBEA47 /* Build configuration list for PBXNativeTarget "ImageSearch" */;
			buildPhases = (
				C001726527F568DC00DBEA47 /* Sources */,
				C001726627F568DC00DBEA47 /* Frameworks */,
				C001726727F568DC00DBEA47 /* Resources */,
			);
			buildRules = (
			);
			dependencies = (
			);
			name = ImageSearch;
			packageProductDependencies = (
				C001729D27F56A9600DBEA47 /* ReactorKit */,
				C00172A027F56D7700DBEA47 /* Kingfisher */,
			);
			productName = ImageSearch;
			productReference = C001726927F568DC00DBEA47 /* ImageSearch.app */;
			productType = "com.apple.product-type.application";
		};
		C001727E27F568DF00DBEA47 /* ImageSearchTests */ = {
			isa = PBXNativeTarget;
			buildConfigurationList = C001729627F568DF00DBEA47 /* Build configuration list for PBXNativeTarget "ImageSearchTests" */;
			buildPhases = (
				C001727B27F568DF00DBEA47 /* Sources */,
				C001727C27F568DF00DBEA47 /* Frameworks */,
				C001727D27F568DF00DBEA47 /* Resources */,
			);
			buildRules = (
			);
			dependencies = (
				C001728127F568DF00DBEA47 /* PBXTargetDependency */,
			);
			name = ImageSearchTests;
			productName = ImageSearchTests;
			productReference = C001727F27F568DF00DBEA47 /* ImageSearchTests.xctest */;
			productType = "com.apple.product-type.bundle.unit-test";
		};
		C001728827F568DF00DBEA47 /* ImageSearchUITests */ = {
			isa = PBXNativeTarget;
			buildConfigurationList = C001729927F568DF00DBEA47 /* Build configuration list for PBXNativeTarget "ImageSearchUITests" */;
			buildPhases = (
				C001728527F568DF00DBEA47 /* Sources */,
				C001728627F568DF00DBEA47 /* Frameworks */,
				C001728727F568DF00DBEA47 /* Resources */,
			);
			buildRules = (
			);
			dependencies = (
				C001728B27F568DF00DBEA47 /* PBXTargetDependency */,
			);
			name = ImageSearchUITests;
			productName = ImageSearchUITests;
			productReference = C001728927F568DF00DBEA47 /* ImageSearchUITests.xctest */;
			productType = "com.apple.product-type.bundle.ui-testing";
		};
/* End PBXNativeTarget section */

/* Begin PBXProject section */
		C001726127F568DC00DBEA47 /* Project object */ = {
			isa = PBXProject;
			attributes = {
				BuildIndependentTargetsInParallel = 1;
				LastSwiftUpdateCheck = 1330;
				LastUpgradeCheck = 1330;
				TargetAttributes = {
					C001726827F568DC00DBEA47 = {
						CreatedOnToolsVersion = 13.3;
					};
					C001727E27F568DF00DBEA47 = {
						CreatedOnToolsVersion = 13.3;
						TestTargetID = C001726827F568DC00DBEA47;
					};
					C001728827F568DF00DBEA47 = {
						CreatedOnToolsVersion = 13.3;
						TestTargetID = C001726827F568DC00DBEA47;
					};
				};
			};
			buildConfigurationList = C001726427F568DC00DBEA47 /* Build configuration list for PBXProject "ImageSearch" */;
			compatibilityVersion = "Xcode 13.0";
			developmentRegion = en;
			hasScannedForEncodings = 0;
			knownRegions = (
				en,
				Base,
			);
			mainGroup = C001726027F568DC00DBEA47;
			packageReferences = (
				C001729C27F56A9600DBEA47 /* XCRemoteSwiftPackageReference "ReactorKit" */,
				C001729F27F56D7700DBEA47 /* XCRemoteSwiftPackageReference "Kingfisher" */,
			);
			productRefGroup = C001726A27F568DC00DBEA47 /* Products */;
			projectDirPath = "";
			projectRoot = "";
			targets = (
				C001726827F568DC00DBEA47 /* ImageSearch */,
				C001727E27F568DF00DBEA47 /* ImageSearchTests */,
				C001728827F568DF00DBEA47 /* ImageSearchUITests */,
			);
		};
/* End PBXProject section */

/* Begin PBXResourcesBuildPhase section */
		C001726727F568DC00DBEA47 /* Resources */ = {
			isa = PBXResourcesBuildPhase;
			buildActionMask = 2147483647;
			files = (
				C001727927F568DE00DBEA47 /* LaunchScreen.storyboard in Resources */,
				C001727627F568DE00DBEA47 /* Assets.xcassets in Resources */,
			);
			runOnlyForDeploymentPostprocessing = 0;
		};
		C001727D27F568DF00DBEA47 /* Resources */ = {
			isa = PBXResourcesBuildPhase;
			buildActionMask = 2147483647;
			files = (
			);
			runOnlyForDeploymentPostprocessing = 0;
		};
		C001728727F568DF00DBEA47 /* Resources */ = {
			isa = PBXResourcesBuildPhase;
			buildActionMask = 2147483647;
			files = (
			);
			runOnlyForDeploymentPostprocessing = 0;
		};
/* End PBXResourcesBuildPhase section */

/* Begin PBXSourcesBuildPhase section */
		C001726527F568DC00DBEA47 /* Sources */ = {
			isa = PBXSourcesBuildPhase;
			buildActionMask = 2147483647;
			files = (
				C001727127F568DC00DBEA47 /* ViewController.swift in Sources */,
				C001726D27F568DC00DBEA47 /* AppDelegate.swift in Sources */,
				C001726F27F568DC00DBEA47 /* SceneDelegate.swift in Sources */,
			);
			runOnlyForDeploymentPostprocessing = 0;
		};
		C001727B27F568DF00DBEA47 /* Sources */ = {
			isa = PBXSourcesBuildPhase;
			buildActionMask = 2147483647;
			files = (
				C001728427F568DF00DBEA47 /* ImageSearchTests.swift in Sources */,
			);
			runOnlyForDeploymentPostprocessing = 0;
		};
		C001728527F568DF00DBEA47 /* Sources */ = {
			isa = PBXSourcesBuildPhase;
			buildActionMask = 2147483647;
			files = (
			);
			runOnlyForDeploymentPostprocessing = 0;
		};
/* End PBXSourcesBuildPhase section */

/* Begin PBXTargetDependency section */
		C001728127F568DF00DBEA47 /* PBXTargetDependency */ = {
			isa = PBXTargetDependency;
			target = C001726827F568DC00DBEA47 /* ImageSearch */;
			targetProxy = C001728027F568DF00DBEA47 /* PBXContainerItemProxy */;
		};
		C001728B27F568DF00DBEA47 /* PBXTargetDependency */ = {
			isa = PBXTargetDependency;
			target = C001726827F568DC00DBEA47 /* ImageSearch */;
			targetProxy = C001728A27F568DF00DBEA47 /* PBXContainerItemProxy */;
		};
/* End PBXTargetDependency section */

/* Begin PBXVariantGroup section */
		C001727727F568DE00DBEA47 /* LaunchScreen.storyboard */ = {
			isa = PBXVariantGroup;
			children = (
				C001727827F568DE00DBEA47 /* Base */,
			);
			name = LaunchScreen.storyboard;
			sourceTree = "<group>";
		};
/* End PBXVariantGroup section */

/* Begin XCBuildConfiguration section */
		C001729127F568DF00DBEA47 /* Debug */ = {
			isa = XCBuildConfiguration;
			buildSettings = {
				ALWAYS_SEARCH_USER_PATHS = NO;
				CLANG_ANALYZER_NONNULL = YES;
				CLANG_ANALYZER_NUMBER_OBJECT_CONVERSION = YES_AGGRESSIVE;
				CLANG_CXX_LANGUAGE_STANDARD = "gnu++17";
				CLANG_ENABLE_MODULES = YES;
				CLANG_ENABLE_OBJC_ARC = YES;
				CLANG_ENABLE_OBJC_WEAK = YES;
				CLANG_WARN_BLOCK_CAPTURE_AUTORELEASING = YES;
				CLANG_WARN_BOOL_CONVERSION = YES;
				CLANG_WARN_COMMA = YES;
				CLANG_WARN_CONSTANT_CONVERSION = YES;
				CLANG_WARN_DEPRECATED_OBJC_IMPLEMENTATIONS = YES;
				CLANG_WARN_DIRECT_OBJC_ISA_USAGE = YES_ERROR;
				CLANG_WARN_DOCUMENTATION_COMMENTS = YES;
				CLANG_WARN_EMPTY_BODY = YES;
				CLANG_WARN_ENUM_CONVERSION = YES;
				CLANG_WARN_INFINITE_RECURSION = YES;
				CLANG_WARN_INT_CONVERSION = YES;
				CLANG_WARN_NON_LITERAL_NULL_CONVERSION = YES;
				CLANG_WARN_OBJC_IMPLICIT_RETAIN_SELF = YES;
				CLANG_WARN_OBJC_LITERAL_CONVERSION = YES;
				CLANG_WARN_OBJC_ROOT_CLASS = YES_ERROR;
				CLANG_WARN_QUOTED_INCLUDE_IN_FRAMEWORK_HEADER = YES;
				CLANG_WARN_RANGE_LOOP_ANALYSIS = YES;
				CLANG_WARN_STRICT_PROTOTYPES = YES;
				CLANG_WARN_SUSPICIOUS_MOVE = YES;
				CLANG_WARN_UNGUARDED_AVAILABILITY = YES_AGGRESSIVE;
				CLANG_WARN_UNREACHABLE_CODE = YES;
				CLANG_WARN__DUPLICATE_METHOD_MATCH = YES;
				COPY_PHASE_STRIP = NO;
				DEBUG_INFORMATION_FORMAT = dwarf;
				ENABLE_STRICT_OBJC_MSGSEND = YES;
				ENABLE_TESTABILITY = YES;
				GCC_C_LANGUAGE_STANDARD = gnu11;
				GCC_DYNAMIC_NO_PIC = NO;
				GCC_NO_COMMON_BLOCKS = YES;
				GCC_OPTIMIZATION_LEVEL = 0;
				GCC_PREPROCESSOR_DEFINITIONS = (
					"DEBUG=1",
					"$(inherited)",
				);
				GCC_WARN_64_TO_32_BIT_CONVERSION = YES;
				GCC_WARN_ABOUT_RETURN_TYPE = YES_ERROR;
				GCC_WARN_UNDECLARED_SELECTOR = YES;
				GCC_WARN_UNINITIALIZED_AUTOS = YES_AGGRESSIVE;
				GCC_WARN_UNUSED_FUNCTION = YES;
				GCC_WARN_UNUSED_VARIABLE = YES;
				IPHONEOS_DEPLOYMENT_TARGET = 15.4;
				MTL_ENABLE_DEBUG_INFO = INCLUDE_SOURCE;
				MTL_FAST_MATH = YES;
				ONLY_ACTIVE_ARCH = YES;
				SDKROOT = iphoneos;
				SWIFT_ACTIVE_COMPILATION_CONDITIONS = DEBUG;
				SWIFT_OPTIMIZATION_LEVEL = "-Onone";
			};
			name = Debug;
		};
		C001729227F568DF00DBEA47 /* Release */ = {
			isa = XCBuildConfiguration;
			buildSettings = {
				ALWAYS_SEARCH_USER_PATHS = NO;
				CLANG_ANALYZER_NONNULL = YES;
				CLANG_ANALYZER_NUMBER_OBJECT_CONVERSION = YES_AGGRESSIVE;
				CLANG_CXX_LANGUAGE_STANDARD = "gnu++17";
				CLANG_ENABLE_MODULES = YES;
				CLANG_ENABLE_OBJC_ARC = YES;
				CLANG_ENABLE_OBJC_WEAK = YES;
				CLANG_WARN_BLOCK_CAPTURE_AUTORELEASING = YES;
				CLANG_WARN_BOOL_CONVERSION = YES;
				CLANG_WARN_COMMA = YES;
				CLANG_WARN_CONSTANT_CONVERSION = YES;
				CLANG_WARN_DEPRECATED_OBJC_IMPLEMENTATIONS = YES;
				CLANG_WARN_DIRECT_OBJC_ISA_USAGE = YES_ERROR;
				CLANG_WARN_DOCUMENTATION_COMMENTS = YES;
				CLANG_WARN_EMPTY_BODY = YES;
				CLANG_WARN_ENUM_CONVERSION = YES;
				CLANG_WARN_INFINITE_RECURSION = YES;
				CLANG_WARN_INT_CONVERSION = YES;
				CLANG_WARN_NON_LITERAL_NULL_CONVERSION = YES;
				CLANG_WARN_OBJC_IMPLICIT_RETAIN_SELF = YES;
				CLANG_WARN_OBJC_LITERAL_CONVERSION = YES;
				CLANG_WARN_OBJC_ROOT_CLASS = YES_ERROR;
				CLANG_WARN_QUOTED_INCLUDE_IN_FRAMEWORK_HEADER = YES;
				CLANG_WARN_RANGE_LOOP_ANALYSIS = YES;
				CLANG_WARN_STRICT_PROTOTYPES = YES;
				CLANG_WARN_SUSPICIOUS_MOVE = YES;
				CLANG_WARN_UNGUARDED_AVAILABILITY = YES_AGGRESSIVE;
				CLANG_WARN_UNREACHABLE_CODE = YES;
				CLANG_WARN__DUPLICATE_METHOD_MATCH = YES;
				COPY_PHASE_STRIP = NO;
				DEBUG_INFORMATION_FORMAT = "dwarf-with-dsym";
				ENABLE_NS_ASSERTIONS = NO;
				ENABLE_STRICT_OBJC_MSGSEND = YES;
				GCC_C_LANGUAGE_STANDARD = gnu11;
				GCC_NO_COMMON_BLOCKS = YES;
				GCC_WARN_64_TO_32_BIT_CONVERSION = YES;
				GCC_WARN_ABOUT_RETURN_TYPE = YES_ERROR;
				GCC_WARN_UNDECLARED_SELECTOR = YES;
				GCC_WARN_UNINITIALIZED_AUTOS = YES_AGGRESSIVE;
				GCC_WARN_UNUSED_FUNCTION = YES;
				GCC_WARN_UNUSED_VARIABLE = YES;
				IPHONEOS_DEPLOYMENT_TARGET = 15.4;
				MTL_ENABLE_DEBUG_INFO = NO;
				MTL_FAST_MATH = YES;
				SDKROOT = iphoneos;
				SWIFT_COMPILATION_MODE = wholemodule;
				SWIFT_OPTIMIZATION_LEVEL = "-O";
				VALIDATE_PRODUCT = YES;
			};
			name = Release;
		};
		C001729427F568DF00DBEA47 /* Debug */ = {
			isa = XCBuildConfiguration;
			buildSettings = {
				ASSETCATALOG_COMPILER_APPICON_NAME = AppIcon;
				ASSETCATALOG_COMPILER_GLOBAL_ACCENT_COLOR_NAME = AccentColor;
				CODE_SIGN_STYLE = Automatic;
				CURRENT_PROJECT_VERSION = 1;
				DEVELOPMENT_TEAM = YJQB4DVQ35;
				GENERATE_INFOPLIST_FILE = YES;
				INFOPLIST_FILE = ImageSearch/Info.plist;
				INFOPLIST_KEY_UIApplicationSupportsIndirectInputEvents = YES;
				INFOPLIST_KEY_UILaunchStoryboardName = LaunchScreen;
				INFOPLIST_KEY_UIMainStoryboardFile = Main;
				INFOPLIST_KEY_UISupportedInterfaceOrientations_iPad = "UIInterfaceOrientationPortrait UIInterfaceOrientationPortraitUpsideDown UIInterfaceOrientationLandscapeLeft UIInterfaceOrientationLandscapeRight";
				INFOPLIST_KEY_UISupportedInterfaceOrientations_iPhone = "UIInterfaceOrientationPortrait UIInterfaceOrientationLandscapeLeft UIInterfaceOrientationLandscapeRight";
				LD_RUNPATH_SEARCH_PATHS = (
					"$(inherited)",
					"@executable_path/Frameworks",
				);
				MARKETING_VERSION = 1.0;
				PRODUCT_BUNDLE_IDENTIFIER = org.wannagohome.ImageSearch;
				PRODUCT_NAME = "$(TARGET_NAME)";
				SWIFT_EMIT_LOC_STRINGS = YES;
				SWIFT_VERSION = 5.0;
				TARGETED_DEVICE_FAMILY = "1,2";
			};
			name = Debug;
		};
		C001729527F568DF00DBEA47 /* Release */ = {
			isa = XCBuildConfiguration;
			buildSettings = {
				ASSETCATALOG_COMPILER_APPICON_NAME = AppIcon;
				ASSETCATALOG_COMPILER_GLOBAL_ACCENT_COLOR_NAME = AccentColor;
				CODE_SIGN_STYLE = Automatic;
				CURRENT_PROJECT_VERSION = 1;
				DEVELOPMENT_TEAM = YJQB4DVQ35;
				GENERATE_INFOPLIST_FILE = YES;
				INFOPLIST_FILE = ImageSearch/Info.plist;
				INFOPLIST_KEY_UIApplicationSupportsIndirectInputEvents = YES;
				INFOPLIST_KEY_UILaunchStoryboardName = LaunchScreen;
				INFOPLIST_KEY_UIMainStoryboardFile = Main;
				INFOPLIST_KEY_UISupportedInterfaceOrientations_iPad = "UIInterfaceOrientationPortrait UIInterfaceOrientationPortraitUpsideDown UIInterfaceOrientationLandscapeLeft UIInterfaceOrientationLandscapeRight";
				INFOPLIST_KEY_UISupportedInterfaceOrientations_iPhone = "UIInterfaceOrientationPortrait UIInterfaceOrientationLandscapeLeft UIInterfaceOrientationLandscapeRight";
				LD_RUNPATH_SEARCH_PATHS = (
					"$(inherited)",
					"@executable_path/Frameworks",
				);
				MARKETING_VERSION = 1.0;
				PRODUCT_BUNDLE_IDENTIFIER = org.wannagohome.ImageSearch;
				PRODUCT_NAME = "$(TARGET_NAME)";
				SWIFT_EMIT_LOC_STRINGS = YES;
				SWIFT_VERSION = 5.0;
				TARGETED_DEVICE_FAMILY = "1,2";
			};
			name = Release;
		};
		C001729727F568DF00DBEA47 /* Debug */ = {
			isa = XCBuildConfiguration;
			buildSettings = {
				ALWAYS_EMBED_SWIFT_STANDARD_LIBRARIES = YES;
				BUNDLE_LOADER = "$(TEST_HOST)";
				CODE_SIGN_STYLE = Automatic;
				CURRENT_PROJECT_VERSION = 1;
				DEVELOPMENT_TEAM = YJQB4DVQ35;
				GENERATE_INFOPLIST_FILE = YES;
				IPHONEOS_DEPLOYMENT_TARGET = 15.4;
				MARKETING_VERSION = 1.0;
				PRODUCT_BUNDLE_IDENTIFIER = org.wannagohome.ImageSearchTests;
				PRODUCT_NAME = "$(TARGET_NAME)";
				SWIFT_EMIT_LOC_STRINGS = NO;
				SWIFT_VERSION = 5.0;
				TARGETED_DEVICE_FAMILY = "1,2";
				TEST_HOST = "$(BUILT_PRODUCTS_DIR)/ImageSearch.app/ImageSearch";
			};
			name = Debug;
		};
		C001729827F568DF00DBEA47 /* Release */ = {
			isa = XCBuildConfiguration;
			buildSettings = {
				ALWAYS_EMBED_SWIFT_STANDARD_LIBRARIES = YES;
				BUNDLE_LOADER = "$(TEST_HOST)";
				CODE_SIGN_STYLE = Automatic;
				CURRENT_PROJECT_VERSION = 1;
				DEVELOPMENT_TEAM = YJQB4DVQ35;
				GENERATE_INFOPLIST_FILE = YES;
				IPHONEOS_DEPLOYMENT_TARGET = 15.4;
				MARKETING_VERSION = 1.0;
				PRODUCT_BUNDLE_IDENTIFIER = org.wannagohome.ImageSearchTests;
				PRODUCT_NAME = "$(TARGET_NAME)";
				SWIFT_EMIT_LOC_STRINGS = NO;
				SWIFT_VERSION = 5.0;
				TARGETED_DEVICE_FAMILY = "1,2";
				TEST_HOST = "$(BUILT_PRODUCTS_DIR)/ImageSearch.app/ImageSearch";
			};
			name = Release;
		};
		C001729A27F568DF00DBEA47 /* Debug */ = {
			isa = XCBuildConfiguration;
			buildSettings = {
				ALWAYS_EMBED_SWIFT_STANDARD_LIBRARIES = YES;
				CODE_SIGN_STYLE = Automatic;
				CURRENT_PROJECT_VERSION = 1;
				DEVELOPMENT_TEAM = YJQB4DVQ35;
				GENERATE_INFOPLIST_FILE = YES;
				MARKETING_VERSION = 1.0;
				PRODUCT_BUNDLE_IDENTIFIER = org.wannagohome.ImageSearchUITests;
				PRODUCT_NAME = "$(TARGET_NAME)";
				SWIFT_EMIT_LOC_STRINGS = NO;
				SWIFT_VERSION = 5.0;
				TARGETED_DEVICE_FAMILY = "1,2";
				TEST_TARGET_NAME = ImageSearch;
			};
			name = Debug;
		};
		C001729B27F568DF00DBEA47 /* Release */ = {
			isa = XCBuildConfiguration;
			buildSettings = {
				ALWAYS_EMBED_SWIFT_STANDARD_LIBRARIES = YES;
				CODE_SIGN_STYLE = Automatic;
				CURRENT_PROJECT_VERSION = 1;
				DEVELOPMENT_TEAM = YJQB4DVQ35;
				GENERATE_INFOPLIST_FILE = YES;
				MARKETING_VERSION = 1.0;
				PRODUCT_BUNDLE_IDENTIFIER = org.wannagohome.ImageSearchUITests;
				PRODUCT_NAME = "$(TARGET_NAME)";
				SWIFT_EMIT_LOC_STRINGS = NO;
				SWIFT_VERSION = 5.0;
				TARGETED_DEVICE_FAMILY = "1,2";
				TEST_TARGET_NAME = ImageSearch;
			};
			name = Release;
		};
/* End XCBuildConfiguration section */

/* Begin XCConfigurationList section */
		C001726427F568DC00DBEA47 /* Build configuration list for PBXProject "ImageSearch" */ = {
			isa = XCConfigurationList;
			buildConfigurations = (
				C001729127F568DF00DBEA47 /* Debug */,
				C001729227F568DF00DBEA47 /* Release */,
			);
			defaultConfigurationIsVisible = 0;
			defaultConfigurationName = Release;
		};
		C001729327F568DF00DBEA47 /* Build configuration list for PBXNativeTarget "ImageSearch" */ = {
			isa = XCConfigurationList;
			buildConfigurations = (
				C001729427F568DF00DBEA47 /* Debug */,
				C001729527F568DF00DBEA47 /* Release */,
			);
			defaultConfigurationIsVisible = 0;
			defaultConfigurationName = Release;
		};
		C001729627F568DF00DBEA47 /* Build configuration list for PBXNativeTarget "ImageSearchTests" */ = {
			isa = XCConfigurationList;
			buildConfigurations = (
				C001729727F568DF00DBEA47 /* Debug */,
				C001729827F568DF00DBEA47 /* Release */,
			);
			defaultConfigurationIsVisible = 0;
			defaultConfigurationName = Release;
		};
		C001729927F568DF00DBEA47 /* Build configuration list for PBXNativeTarget "ImageSearchUITests" */ = {
			isa = XCConfigurationList;
			buildConfigurations = (
				C001729A27F568DF00DBEA47 /* Debug */,
				C001729B27F568DF00DBEA47 /* Release */,
			);
			defaultConfigurationIsVisible = 0;
			defaultConfigurationName = Release;
		};
/* End XCConfigurationList section */

/* Begin XCRemoteSwiftPackageReference section */
		C001729C27F56A9600DBEA47 /* XCRemoteSwiftPackageReference "ReactorKit" */ = {
			isa = XCRemoteSwiftPackageReference;
			repositoryURL = "https://github.com/ReactorKit/ReactorKit.git";
			requirement = {
				kind = upToNextMajorVersion;
				minimumVersion = 3.0.0;
			};
		};
		C001729F27F56D7700DBEA47 /* XCRemoteSwiftPackageReference "Kingfisher" */ = {
			isa = XCRemoteSwiftPackageReference;
			repositoryURL = "https://github.com/onevcat/Kingfisher.git";
			requirement = {
				kind = upToNextMajorVersion;
				minimumVersion = 7.0.0;
			};
		};
/* End XCRemoteSwiftPackageReference section */

/* Begin XCSwiftPackageProductDependency section */
		C001729D27F56A9600DBEA47 /* ReactorKit */ = {
			isa = XCSwiftPackageProductDependency;
			package = C001729C27F56A9600DBEA47 /* XCRemoteSwiftPackageReference "ReactorKit" */;
			productName = ReactorKit;
		};
		C00172A027F56D7700DBEA47 /* Kingfisher */ = {
			isa = XCSwiftPackageProductDependency;
			package = C001729F27F56D7700DBEA47 /* XCRemoteSwiftPackageReference "Kingfisher" */;
			productName = Kingfisher;
		};
/* End XCSwiftPackageProductDependency section */
	};
	rootObject = C001726127F568DC00DBEA47 /* Project object */;
}
