// !$*UTF8*$!
{
	archiveVersion = 1;
	classes = {
	};
	objectVersion = 55;
	objects = {

/* Begin PBXBuildFile section */
		C001726D27F568DC00DBEA47 /* AppDelegate.swift in Sources */ = {isa = PBXBuildFile; fileRef = C001726C27F568DC00DBEA47 /* AppDelegate.swift */; };
		C001726F27F568DC00DBEA47 /* SceneDelegate.swift in Sources */ = {isa = PBXBuildFile; fileRef = C001726E27F568DC00DBEA47 /* SceneDelegate.swift */; };
		C001727127F568DC00DBEA47 /* SearchViewController.swift in Sources */ = {isa = PBXBuildFile; fileRef = C001727027F568DC00DBEA47 /* SearchViewController.swift */; };
		C001727627F568DE00DBEA47 /* Assets.xcassets in Resources */ = {isa = PBXBuildFile; fileRef = C001727527F568DE00DBEA47 /* Assets.xcassets */; };
		C001727927F568DE00DBEA47 /* LaunchScreen.storyboard in Resources */ = {isa = PBXBuildFile; fileRef = C001727727F568DE00DBEA47 /* LaunchScreen.storyboard */; };
		C001728427F568DF00DBEA47 /* ImageSearchTests.swift in Sources */ = {isa = PBXBuildFile; fileRef = C001728327F568DF00DBEA47 /* ImageSearchTests.swift */; };
		C001729E27F56A9600DBEA47 /* ReactorKit in Frameworks */ = {isa = PBXBuildFile; productRef = C001729D27F56A9600DBEA47 /* ReactorKit */; };
		C00172A127F56D7700DBEA47 /* Kingfisher in Frameworks */ = {isa = PBXBuildFile; productRef = C00172A027F56D7700DBEA47 /* Kingfisher */; };
		C0CBE05727F6B2290047A3B7 /* SnapKit in Frameworks */ = {isa = PBXBuildFile; productRef = C0CBE05627F6B2290047A3B7 /* SnapKit */; };
		C0CBE05927F6B5720047A3B7 /* SearchReactor.swift in Sources */ = {isa = PBXBuildFile; fileRef = C0CBE05827F6B5720047A3B7 /* SearchReactor.swift */; };
		C0CBE05D27F6B93A0047A3B7 /* ImageModel.swift in Sources */ = {isa = PBXBuildFile; fileRef = C0CBE05C27F6B93A0047A3B7 /* ImageModel.swift */; };
		C0CBE06327F6C6BB0047A3B7 /* ImageDocument.swift in Sources */ = {isa = PBXBuildFile; fileRef = C0CBE06227F6C6BB0047A3B7 /* ImageDocument.swift */; };
		C0CBE06527F6C7C20047A3B7 /* SearchMetaData.swift in Sources */ = {isa = PBXBuildFile; fileRef = C0CBE06427F6C7C20047A3B7 /* SearchMetaData.swift */; };
		C0CBE06727F6C9310047A3B7 /* ImageSearchResponse.swift in Sources */ = {isa = PBXBuildFile; fileRef = C0CBE06627F6C9310047A3B7 /* ImageSearchResponse.swift */; };
		C0CBE06A27F6CEA40047A3B7 /* ImageRepository.swift in Sources */ = {isa = PBXBuildFile; fileRef = C0CBE06927F6CEA40047A3B7 /* ImageRepository.swift */; };
		C0CBE06D27F6D5890047A3B7 /* ImageUseCase.swift in Sources */ = {isa = PBXBuildFile; fileRef = C0CBE06C27F6D5890047A3B7 /* ImageUseCase.swift */; };
		C0CBE07327F6DD5E0047A3B7 /* Environment.swift in Sources */ = {isa = PBXBuildFile; fileRef = C0CBE07227F6DD5E0047A3B7 /* Environment.swift */; };
		C0CBE07527F6E1490047A3B7 /* ImageSearchRequest.swift in Sources */ = {isa = PBXBuildFile; fileRef = C0CBE07427F6E1490047A3B7 /* ImageSearchRequest.swift */; };
		C0CBE07827F6E40B0047A3B7 /* Encodable + Ex.swift in Sources */ = {isa = PBXBuildFile; fileRef = C0CBE07727F6E40B0047A3B7 /* Encodable + Ex.swift */; };
		C0CBE07B27F6F6A90047A3B7 /* Then in Frameworks */ = {isa = PBXBuildFile; productRef = C0CBE07A27F6F6A90047A3B7 /* Then */; };
		C0CBE07F27F6F7F80047A3B7 /* ImageCell.swift in Sources */ = {isa = PBXBuildFile; fileRef = C0CBE07E27F6F7F80047A3B7 /* ImageCell.swift */; };
		CD9120F327F5D54A0094EE00 /* NetworkManager.swift in Sources */ = {isa = PBXBuildFile; fileRef = CD9120F227F5D54A0094EE00 /* NetworkManager.swift */; };
		CD9120F627F5D5F40094EE00 /* RxCocoa in Frameworks */ = {isa = PBXBuildFile; productRef = CD9120F527F5D5F40094EE00 /* RxCocoa */; };
		CD9120F827F5D5F40094EE00 /* RxSwift in Frameworks */ = {isa = PBXBuildFile; productRef = CD9120F727F5D5F40094EE00 /* RxSwift */; };
		CD9120FA27F5D5F40094EE00 /* RxTest in Frameworks */ = {isa = PBXBuildFile; productRef = CD9120F927F5D5F40094EE00 /* RxTest */; };
		CD9120FC27F5DBDB0094EE00 /* NetworkError.swift in Sources */ = {isa = PBXBuildFile; fileRef = CD9120FB27F5DBDB0094EE00 /* NetworkError.swift */; };
		CD9120FF27F721BC0094EE00 /* Decoder.swift in Sources */ = {isa = PBXBuildFile; fileRef = CD9120FE27F721BC0094EE00 /* Decoder.swift */; };
		CD91210127F727470094EE00 /* String + Ex.swift in Sources */ = {isa = PBXBuildFile; fileRef = CD91210027F727470094EE00 /* String + Ex.swift */; };
/* End PBXBuildFile section */

/* Begin PBXContainerItemProxy section */
		C001728027F568DF00DBEA47 /* PBXContainerItemProxy */ = {
			isa = PBXContainerItemProxy;
			containerPortal = C001726127F568DC00DBEA47 /* Project object */;
			proxyType = 1;
			remoteGlobalIDString = C001726827F568DC00DBEA47;
			remoteInfo = ImageSearch;
		};
		C001728A27F568DF00DBEA47 /* PBXContainerItemProxy */ = {
			isa = PBXContainerItemProxy;
			containerPortal = C001726127F568DC00DBEA47 /* Project object */;
			proxyType = 1;
			remoteGlobalIDString = C001726827F568DC00DBEA47;
			remoteInfo = ImageSearch;
		};
/* End PBXContainerItemProxy section */

/* Begin PBXFileReference section */
		C001726927F568DC00DBEA47 /* ImageSearch.app */ = {isa = PBXFileReference; explicitFileType = wrapper.application; includeInIndex = 0; path = ImageSearch.app; sourceTree = BUILT_PRODUCTS_DIR; };
		C001726C27F568DC00DBEA47 /* AppDelegate.swift */ = {isa = PBXFileReference; lastKnownFileType = sourcecode.swift; path = AppDelegate.swift; sourceTree = "<group>"; };
		C001726E27F568DC00DBEA47 /* SceneDelegate.swift */ = {isa = PBXFileReference; lastKnownFileType = sourcecode.swift; path = SceneDelegate.swift; sourceTree = "<group>"; };
		C001727027F568DC00DBEA47 /* SearchViewController.swift */ = {isa = PBXFileReference; lastKnownFileType = sourcecode.swift; path = SearchViewController.swift; sourceTree = "<group>"; };
		C001727527F568DE00DBEA47 /* Assets.xcassets */ = {isa = PBXFileReference; lastKnownFileType = folder.assetcatalog; path = Assets.xcassets; sourceTree = "<group>"; };
		C001727827F568DE00DBEA47 /* Base */ = {isa = PBXFileReference; lastKnownFileType = file.storyboard; name = Base; path = Base.lproj/LaunchScreen.storyboard; sourceTree = "<group>"; };
		C001727A27F568DE00DBEA47 /* Info.plist */ = {isa = PBXFileReference; lastKnownFileType = text.plist.xml; path = Info.plist; sourceTree = "<group>"; };
		C001727F27F568DF00DBEA47 /* ImageSearchTests.xctest */ = {isa = PBXFileReference; explicitFileType = wrapper.cfbundle; includeInIndex = 0; path = ImageSearchTests.xctest; sourceTree = BUILT_PRODUCTS_DIR; };
		C001728327F568DF00DBEA47 /* ImageSearchTests.swift */ = {isa = PBXFileReference; lastKnownFileType = sourcecode.swift; path = ImageSearchTests.swift; sourceTree = "<group>"; };
		C001728927F568DF00DBEA47 /* ImageSearchUITests.xctest */ = {isa = PBXFileReference; explicitFileType = wrapper.cfbundle; includeInIndex = 0; path = ImageSearchUITests.xctest; sourceTree = BUILT_PRODUCTS_DIR; };
		C0CBE05827F6B5720047A3B7 /* SearchReactor.swift */ = {isa = PBXFileReference; lastKnownFileType = sourcecode.swift; path = SearchReactor.swift; sourceTree = "<group>"; };
		C0CBE05C27F6B93A0047A3B7 /* ImageModel.swift */ = {isa = PBXFileReference; lastKnownFileType = sourcecode.swift; path = ImageModel.swift; sourceTree = "<group>"; };
		C0CBE06227F6C6BB0047A3B7 /* ImageDocument.swift */ = {isa = PBXFileReference; lastKnownFileType = sourcecode.swift; path = ImageDocument.swift; sourceTree = "<group>"; };
		C0CBE06427F6C7C20047A3B7 /* SearchMetaData.swift */ = {isa = PBXFileReference; lastKnownFileType = sourcecode.swift; path = SearchMetaData.swift; sourceTree = "<group>"; };
		C0CBE06627F6C9310047A3B7 /* ImageSearchResponse.swift */ = {isa = PBXFileReference; lastKnownFileType = sourcecode.swift; path = ImageSearchResponse.swift; sourceTree = "<group>"; };
		C0CBE06927F6CEA40047A3B7 /* ImageRepository.swift */ = {isa = PBXFileReference; lastKnownFileType = sourcecode.swift; path = ImageRepository.swift; sourceTree = "<group>"; };
		C0CBE06C27F6D5890047A3B7 /* ImageUseCase.swift */ = {isa = PBXFileReference; lastKnownFileType = sourcecode.swift; path = ImageUseCase.swift; sourceTree = "<group>"; };
		C0CBE06F27F6DA440047A3B7 /* Keys.xcconfig */ = {isa = PBXFileReference; lastKnownFileType = text.xcconfig; path = Keys.xcconfig; sourceTree = "<group>"; };
		C0CBE07227F6DD5E0047A3B7 /* Environment.swift */ = {isa = PBXFileReference; lastKnownFileType = sourcecode.swift; path = Environment.swift; sourceTree = "<group>"; };
		C0CBE07427F6E1490047A3B7 /* ImageSearchRequest.swift */ = {isa = PBXFileReference; lastKnownFileType = sourcecode.swift; path = ImageSearchRequest.swift; sourceTree = "<group>"; };
		C0CBE07727F6E40B0047A3B7 /* Encodable + Ex.swift */ = {isa = PBXFileReference; lastKnownFileType = sourcecode.swift; path = "Encodable + Ex.swift"; sourceTree = "<group>"; };
		C0CBE07E27F6F7F80047A3B7 /* ImageCell.swift */ = {isa = PBXFileReference; lastKnownFileType = sourcecode.swift; path = ImageCell.swift; sourceTree = "<group>"; };
		CD9120F227F5D54A0094EE00 /* NetworkManager.swift */ = {isa = PBXFileReference; lastKnownFileType = sourcecode.swift; path = NetworkManager.swift; sourceTree = "<group>"; };
		CD9120FB27F5DBDB0094EE00 /* NetworkError.swift */ = {isa = PBXFileReference; lastKnownFileType = sourcecode.swift; path = NetworkError.swift; sourceTree = "<group>"; };
		CD9120FE27F721BC0094EE00 /* Decoder.swift */ = {isa = PBXFileReference; lastKnownFileType = sourcecode.swift; path = Decoder.swift; sourceTree = "<group>"; };
		CD91210027F727470094EE00 /* String + Ex.swift */ = {isa = PBXFileReference; lastKnownFileType = sourcecode.swift; path = "String + Ex.swift"; sourceTree = "<group>"; };
/* End PBXFileReference section */

/* Begin PBXFrameworksBuildPhase section */
		C001726627F568DC00DBEA47 /* Frameworks */ = {
			isa = PBXFrameworksBuildPhase;
			buildActionMask = 2147483647;
			files = (
				CD9120F627F5D5F40094EE00 /* RxCocoa in Frameworks */,
				C0CBE07B27F6F6A90047A3B7 /* Then in Frameworks */,
				C00172A127F56D7700DBEA47 /* Kingfisher in Frameworks */,
				CD9120F827F5D5F40094EE00 /* RxSwift in Frameworks */,
				C001729E27F56A9600DBEA47 /* ReactorKit in Frameworks */,
				C0CBE05727F6B2290047A3B7 /* SnapKit in Frameworks */,
			);
			runOnlyForDeploymentPostprocessing = 0;
		};
		C001727C27F568DF00DBEA47 /* Frameworks */ = {
			isa = PBXFrameworksBuildPhase;
			buildActionMask = 2147483647;
			files = (
				CD9120FA27F5D5F40094EE00 /* RxTest in Frameworks */,
			);
			runOnlyForDeploymentPostprocessing = 0;
		};
		C001728627F568DF00DBEA47 /* Frameworks */ = {
			isa = PBXFrameworksBuildPhase;
			buildActionMask = 2147483647;
			files = (
			);
			runOnlyForDeploymentPostprocessing = 0;
		};
/* End PBXFrameworksBuildPhase section */

/* Begin PBXGroup section */
		C001726027F568DC00DBEA47 = {
			isa = PBXGroup;
			children = (
				C001726B27F568DC00DBEA47 /* ImageSearch */,
				C001728227F568DF00DBEA47 /* ImageSearchTests */,
				C001726A27F568DC00DBEA47 /* Products */,
			);
			sourceTree = "<group>";
		};
		C001726A27F568DC00DBEA47 /* Products */ = {
			isa = PBXGroup;
			children = (
				C001726927F568DC00DBEA47 /* ImageSearch.app */,
				C001727F27F568DF00DBEA47 /* ImageSearchTests.xctest */,
				C001728927F568DF00DBEA47 /* ImageSearchUITests.xctest */,
			);
			name = Products;
			sourceTree = "<group>";
		};
		C001726B27F568DC00DBEA47 /* ImageSearch */ = {
			isa = PBXGroup;
			children = (
				C00172A327F5794500DBEA47 /* Source */,
				C00172A227F5793500DBEA47 /* Resource */,
			);
			path = ImageSearch;
			sourceTree = "<group>";
		};
		C001728227F568DF00DBEA47 /* ImageSearchTests */ = {
			isa = PBXGroup;
			children = (
				C001728327F568DF00DBEA47 /* ImageSearchTests.swift */,
			);
			path = ImageSearchTests;
			sourceTree = "<group>";
		};
		C00172A227F5793500DBEA47 /* Resource */ = {
			isa = PBXGroup;
			children = (
				C0CBE07027F6DABC0047A3B7 /* Config */,
				C00172A427F5795C00DBEA47 /* Supporting Files */,
				C001727527F568DE00DBEA47 /* Assets.xcassets */,
				C001727727F568DE00DBEA47 /* LaunchScreen.storyboard */,
			);
			path = Resource;
			sourceTree = "<group>";
		};
		C00172A327F5794500DBEA47 /* Source */ = {
			isa = PBXGroup;
			children = (
				CD9120FD27F7219E0094EE00 /* Helper */,
				C00172A527F5797200DBEA47 /* AppStart */,
				C0CBE05A27F6B9020047A3B7 /* Domain */,
				C0CBE05E27F6C6720047A3B7 /* Data */,
				C0CBE07C27F6F7810047A3B7 /* Presentation */,
				CD9120F127F5D5190094EE00 /* Infrastructure */,
			);
			path = Source;
			sourceTree = "<group>";
		};
		C00172A427F5795C00DBEA47 /* Supporting Files */ = {
			isa = PBXGroup;
			children = (
				C001727A27F568DE00DBEA47 /* Info.plist */,
			);
			path = "Supporting Files";
			sourceTree = "<group>";
		};
		C00172A527F5797200DBEA47 /* AppStart */ = {
			isa = PBXGroup;
			children = (
				C001726C27F568DC00DBEA47 /* AppDelegate.swift */,
				C001726E27F568DC00DBEA47 /* SceneDelegate.swift */,
			);
			path = AppStart;
			sourceTree = "<group>";
		};
		C00172A627F579B200DBEA47 /* Scene */ = {
			isa = PBXGroup;
			children = (
				C001727027F568DC00DBEA47 /* SearchViewController.swift */,
				C0CBE05827F6B5720047A3B7 /* SearchReactor.swift */,
			);
			path = Scene;
			sourceTree = "<group>";
		};
		C0CBE05A27F6B9020047A3B7 /* Domain */ = {
			isa = PBXGroup;
			children = (
				C0CBE06B27F6D54C0047A3B7 /* UseCases */,
				C0CBE05B27F6B91A0047A3B7 /* Model */,
			);
			path = Domain;
			sourceTree = "<group>";
		};
		C0CBE05B27F6B91A0047A3B7 /* Model */ = {
			isa = PBXGroup;
			children = (
				C0CBE05C27F6B93A0047A3B7 /* ImageModel.swift */,
			);
			path = Model;
			sourceTree = "<group>";
		};
		C0CBE05E27F6C6720047A3B7 /* Data */ = {
			isa = PBXGroup;
			children = (
				C0CBE06827F6CE8A0047A3B7 /* Repositories */,
				C0CBE05F27F6C68D0047A3B7 /* Entities */,
			);
			path = Data;
			sourceTree = "<group>";
		};
		C0CBE05F27F6C68D0047A3B7 /* Entities */ = {
			isa = PBXGroup;
			children = (
				C0CBE06227F6C6BB0047A3B7 /* ImageDocument.swift */,
				C0CBE06427F6C7C20047A3B7 /* SearchMetaData.swift */,
				C0CBE06627F6C9310047A3B7 /* ImageSearchResponse.swift */,
				C0CBE07427F6E1490047A3B7 /* ImageSearchRequest.swift */,
			);
			path = Entities;
			sourceTree = "<group>";
		};
		C0CBE06827F6CE8A0047A3B7 /* Repositories */ = {
			isa = PBXGroup;
			children = (
				C0CBE06927F6CEA40047A3B7 /* ImageRepository.swift */,
			);
			path = Repositories;
			sourceTree = "<group>";
		};
		C0CBE06B27F6D54C0047A3B7 /* UseCases */ = {
			isa = PBXGroup;
			children = (
				C0CBE06C27F6D5890047A3B7 /* ImageUseCase.swift */,
			);
			path = UseCases;
			sourceTree = "<group>";
		};
		C0CBE07027F6DABC0047A3B7 /* Config */ = {
			isa = PBXGroup;
			children = (
				C0CBE06F27F6DA440047A3B7 /* Keys.xcconfig */,
			);
			path = Config;
			sourceTree = "<group>";
		};
		C0CBE07127F6DD460047A3B7 /* Environment */ = {
			isa = PBXGroup;
			children = (
				C0CBE07227F6DD5E0047A3B7 /* Environment.swift */,
			);
			path = Environment;
			sourceTree = "<group>";
		};
		C0CBE07627F6E3FA0047A3B7 /* Extensions */ = {
			isa = PBXGroup;
			children = (
				C0CBE07727F6E40B0047A3B7 /* Encodable + Ex.swift */,
				CD91210027F727470094EE00 /* String + Ex.swift */,
			);
			path = Extensions;
			sourceTree = "<group>";
		};
		C0CBE07C27F6F7810047A3B7 /* Presentation */ = {
			isa = PBXGroup;
			children = (
				C0CBE07D27F6F7D40047A3B7 /* Views */,
				C00172A627F579B200DBEA47 /* Scene */,
			);
			path = Presentation;
			sourceTree = "<group>";
		};
		C0CBE07D27F6F7D40047A3B7 /* Views */ = {
			isa = PBXGroup;
			children = (
				C0CBE07E27F6F7F80047A3B7 /* ImageCell.swift */,
			);
			path = Views;
			sourceTree = "<group>";
		};
		CD9120F127F5D5190094EE00 /* Infrastructure */ = {
			isa = PBXGroup;
			children = (
				CD9120F227F5D54A0094EE00 /* NetworkManager.swift */,
				CD9120FB27F5DBDB0094EE00 /* NetworkError.swift */,
			);
			path = Infrastructure;
			sourceTree = "<group>";
		};
		CD9120FD27F7219E0094EE00 /* Helper */ = {
			isa = PBXGroup;
			children = (
				C0CBE07627F6E3FA0047A3B7 /* Extensions */,
				C0CBE07127F6DD460047A3B7 /* Environment */,
				CD9120FE27F721BC0094EE00 /* Decoder.swift */,
			);
			path = Helper;
			sourceTree = "<group>";
		};
/* End PBXGroup section */

/* Begin PBXNativeTarget section */
		C001726827F568DC00DBEA47 /* ImageSearch */ = {
			isa = PBXNativeTarget;
			buildConfigurationList = C001729327F568DF00DBEA47 /* Build configuration list for PBXNativeTarget "ImageSearch" */;
			buildPhases = (
				C001726527F568DC00DBEA47 /* Sources */,
				C001726627F568DC00DBEA47 /* Frameworks */,
				C001726727F568DC00DBEA47 /* Resources */,
			);
			buildRules = (
			);
			dependencies = (
			);
			name = ImageSearch;
			packageProductDependencies = (
				C001729D27F56A9600DBEA47 /* ReactorKit */,
				C00172A027F56D7700DBEA47 /* Kingfisher */,
				CD9120F527F5D5F40094EE00 /* RxCocoa */,
				CD9120F727F5D5F40094EE00 /* RxSwift */,
				C0CBE05627F6B2290047A3B7 /* SnapKit */,
				C0CBE07A27F6F6A90047A3B7 /* Then */,
			);
			productName = ImageSearch;
			productReference = C001726927F568DC00DBEA47 /* ImageSearch.app */;
			productType = "com.apple.product-type.application";
		};
		C001727E27F568DF00DBEA47 /* ImageSearchTests */ = {
			isa = PBXNativeTarget;
			buildConfigurationList = C001729627F568DF00DBEA47 /* Build configuration list for PBXNativeTarget "ImageSearchTests" */;
			buildPhases = (
				C001727B27F568DF00DBEA47 /* Sources */,
				C001727C27F568DF00DBEA47 /* Frameworks */,
				C001727D27F568DF00DBEA47 /* Resources */,
			);
			buildRules = (
			);
			dependencies = (
				C001728127F568DF00DBEA47 /* PBXTargetDependency */,
			);
			name = ImageSearchTests;
			packageProductDependencies = (
				CD9120F927F5D5F40094EE00 /* RxTest */,
			);
			productName = ImageSearchTests;
			productReference = C001727F27F568DF00DBEA47 /* ImageSearchTests.xctest */;
			productType = "com.apple.product-type.bundle.unit-test";
		};
		C001728827F568DF00DBEA47 /* ImageSearchUITests */ = {
			isa = PBXNativeTarget;
			buildConfigurationList = C001729927F568DF00DBEA47 /* Build configuration list for PBXNativeTarget "ImageSearchUITests" */;
			buildPhases = (
				C001728527F568DF00DBEA47 /* Sources */,
				C001728627F568DF00DBEA47 /* Frameworks */,
				C001728727F568DF00DBEA47 /* Resources */,
			);
			buildRules = (
			);
			dependencies = (
				C001728B27F568DF00DBEA47 /* PBXTargetDependency */,
			);
			name = ImageSearchUITests;
			productName = ImageSearchUITests;
			productReference = C001728927F568DF00DBEA47 /* ImageSearchUITests.xctest */;
			productType = "com.apple.product-type.bundle.ui-testing";
		};
/* End PBXNativeTarget section */

/* Begin PBXProject section */
		C001726127F568DC00DBEA47 /* Project object */ = {
			isa = PBXProject;
			attributes = {
				BuildIndependentTargetsInParallel = 1;
				LastSwiftUpdateCheck = 1330;
				LastUpgradeCheck = 1330;
				TargetAttributes = {
					C001726827F568DC00DBEA47 = {
						CreatedOnToolsVersion = 13.3;
					};
					C001727E27F568DF00DBEA47 = {
						CreatedOnToolsVersion = 13.3;
						TestTargetID = C001726827F568DC00DBEA47;
					};
					C001728827F568DF00DBEA47 = {
						CreatedOnToolsVersion = 13.3;
						TestTargetID = C001726827F568DC00DBEA47;
					};
				};
			};
			buildConfigurationList = C001726427F568DC00DBEA47 /* Build configuration list for PBXProject "ImageSearch" */;
			compatibilityVersion = "Xcode 13.0";
			developmentRegion = en;
			hasScannedForEncodings = 0;
			knownRegions = (
				en,
				Base,
			);
			mainGroup = C001726027F568DC00DBEA47;
			packageReferences = (
				C001729C27F56A9600DBEA47 /* XCRemoteSwiftPackageReference "ReactorKit" */,
				C001729F27F56D7700DBEA47 /* XCRemoteSwiftPackageReference "Kingfisher" */,
				CD9120F427F5D5F40094EE00 /* XCRemoteSwiftPackageReference "RxSwift" */,
				C0CBE05527F6B2290047A3B7 /* XCRemoteSwiftPackageReference "SnapKit" */,
				C0CBE07927F6F6A90047A3B7 /* XCRemoteSwiftPackageReference "Then" */,
			);
			productRefGroup = C001726A27F568DC00DBEA47 /* Products */;
			projectDirPath = "";
			projectRoot = "";
			targets = (
				C001726827F568DC00DBEA47 /* ImageSearch */,
				C001727E27F568DF00DBEA47 /* ImageSearchTests */,
				C001728827F568DF00DBEA47 /* ImageSearchUITests */,
			);
		};
/* End PBXProject section */

/* Begin PBXResourcesBuildPhase section */
		C001726727F568DC00DBEA47 /* Resources */ = {
			isa = PBXResourcesBuildPhase;
			buildActionMask = 2147483647;
			files = (
				C001727927F568DE00DBEA47 /* LaunchScreen.storyboard in Resources */,
				C001727627F568DE00DBEA47 /* Assets.xcassets in Resources */,
			);
			runOnlyForDeploymentPostprocessing = 0;
		};
		C001727D27F568DF00DBEA47 /* Resources */ = {
			isa = PBXResourcesBuildPhase;
			buildActionMask = 2147483647;
			files = (
			);
			runOnlyForDeploymentPostprocessing = 0;
		};
		C001728727F568DF00DBEA47 /* Resources */ = {
			isa = PBXResourcesBuildPhase;
			buildActionMask = 2147483647;
			files = (
			);
			runOnlyForDeploymentPostprocessing = 0;
		};
/* End PBXResourcesBuildPhase section */

/* Begin PBXSourcesBuildPhase section */
		C001726527F568DC00DBEA47 /* Sources */ = {
			isa = PBXSourcesBuildPhase;
			buildActionMask = 2147483647;
			files = (
				CD9120FF27F721BC0094EE00 /* Decoder.swift in Sources */,
				C0CBE06327F6C6BB0047A3B7 /* ImageDocument.swift in Sources */,
				C0CBE05D27F6B93A0047A3B7 /* ImageModel.swift in Sources */,
				CD9120F327F5D54A0094EE00 /* NetworkManager.swift in Sources */,
				C0CBE06727F6C9310047A3B7 /* ImageSearchResponse.swift in Sources */,
				C001727127F568DC00DBEA47 /* SearchViewController.swift in Sources */,
				C001726D27F568DC00DBEA47 /* AppDelegate.swift in Sources */,
				C0CBE07827F6E40B0047A3B7 /* Encodable + Ex.swift in Sources */,
				C001726F27F568DC00DBEA47 /* SceneDelegate.swift in Sources */,
				C0CBE06A27F6CEA40047A3B7 /* ImageRepository.swift in Sources */,
				C0CBE07327F6DD5E0047A3B7 /* Environment.swift in Sources */,
				C0CBE06527F6C7C20047A3B7 /* SearchMetaData.swift in Sources */,
				C0CBE06D27F6D5890047A3B7 /* ImageUseCase.swift in Sources */,
				C0CBE07527F6E1490047A3B7 /* ImageSearchRequest.swift in Sources */,
				C0CBE07F27F6F7F80047A3B7 /* ImageCell.swift in Sources */,
				C0CBE05927F6B5720047A3B7 /* SearchReactor.swift in Sources */,
				CD9120FC27F5DBDB0094EE00 /* NetworkError.swift in Sources */,
				CD91210127F727470094EE00 /* String + Ex.swift in Sources */,
			);
			runOnlyForDeploymentPostprocessing = 0;
		};
		C001727B27F568DF00DBEA47 /* Sources */ = {
			isa = PBXSourcesBuildPhase;
			buildActionMask = 2147483647;
			files = (
				C001728427F568DF00DBEA47 /* ImageSearchTests.swift in Sources */,
			);
			runOnlyForDeploymentPostprocessing = 0;
		};
		C001728527F568DF00DBEA47 /* Sources */ = {
			isa = PBXSourcesBuildPhase;
			buildActionMask = 2147483647;
			files = (
			);
			runOnlyForDeploymentPostprocessing = 0;
		};
/* End PBXSourcesBuildPhase section */

/* Begin PBXTargetDependency section */
		C001728127F568DF00DBEA47 /* PBXTargetDependency */ = {
			isa = PBXTargetDependency;
			target = C001726827F568DC00DBEA47 /* ImageSearch */;
			targetProxy = C001728027F568DF00DBEA47 /* PBXContainerItemProxy */;
		};
		C001728B27F568DF00DBEA47 /* PBXTargetDependency */ = {
			isa = PBXTargetDependency;
			target = C001726827F568DC00DBEA47 /* ImageSearch */;
			targetProxy = C001728A27F568DF00DBEA47 /* PBXContainerItemProxy */;
		};
/* End PBXTargetDependency section */

/* Begin PBXVariantGroup section */
		C001727727F568DE00DBEA47 /* LaunchScreen.storyboard */ = {
			isa = PBXVariantGroup;
			children = (
				C001727827F568DE00DBEA47 /* Base */,
			);
			name = LaunchScreen.storyboard;
			sourceTree = "<group>";
		};
/* End PBXVariantGroup section */

/* Begin XCBuildConfiguration section */
		C001729127F568DF00DBEA47 /* Debug */ = {
			isa = XCBuildConfiguration;
			baseConfigurationReference = C0CBE06F27F6DA440047A3B7 /* Keys.xcconfig */;
			buildSettings = {
				ALWAYS_SEARCH_USER_PATHS = NO;
				CLANG_ANALYZER_NONNULL = YES;
				CLANG_ANALYZER_NUMBER_OBJECT_CONVERSION = YES_AGGRESSIVE;
				CLANG_CXX_LANGUAGE_STANDARD = "gnu++17";
				CLANG_ENABLE_MODULES = YES;
				CLANG_ENABLE_OBJC_ARC = YES;
				CLANG_ENABLE_OBJC_WEAK = YES;
				CLANG_WARN_BLOCK_CAPTURE_AUTORELEASING = YES;
				CLANG_WARN_BOOL_CONVERSION = YES;
				CLANG_WARN_COMMA = YES;
				CLANG_WARN_CONSTANT_CONVERSION = YES;
				CLANG_WARN_DEPRECATED_OBJC_IMPLEMENTATIONS = YES;
				CLANG_WARN_DIRECT_OBJC_ISA_USAGE = YES_ERROR;
				CLANG_WARN_DOCUMENTATION_COMMENTS = YES;
				CLANG_WARN_EMPTY_BODY = YES;
				CLANG_WARN_ENUM_CONVERSION = YES;
				CLANG_WARN_INFINITE_RECURSION = YES;
				CLANG_WARN_INT_CONVERSION = YES;
				CLANG_WARN_NON_LITERAL_NULL_CONVERSION = YES;
				CLANG_WARN_OBJC_IMPLICIT_RETAIN_SELF = YES;
				CLANG_WARN_OBJC_LITERAL_CONVERSION = YES;
				CLANG_WARN_OBJC_ROOT_CLASS = YES_ERROR;
				CLANG_WARN_QUOTED_INCLUDE_IN_FRAMEWORK_HEADER = YES;
				CLANG_WARN_RANGE_LOOP_ANALYSIS = YES;
				CLANG_WARN_STRICT_PROTOTYPES = YES;
				CLANG_WARN_SUSPICIOUS_MOVE = YES;
				CLANG_WARN_UNGUARDED_AVAILABILITY = YES_AGGRESSIVE;
				CLANG_WARN_UNREACHABLE_CODE = YES;
				CLANG_WARN__DUPLICATE_METHOD_MATCH = YES;
				COPY_PHASE_STRIP = NO;
				DEBUG_INFORMATION_FORMAT = dwarf;
				ENABLE_STRICT_OBJC_MSGSEND = YES;
				ENABLE_TESTABILITY = YES;
				GCC_C_LANGUAGE_STANDARD = gnu11;
				GCC_DYNAMIC_NO_PIC = NO;
				GCC_NO_COMMON_BLOCKS = YES;
				GCC_OPTIMIZATION_LEVEL = 0;
				GCC_PREPROCESSOR_DEFINITIONS = (
					"DEBUG=1",
					"$(inherited)",
				);
				GCC_WARN_64_TO_32_BIT_CONVERSION = YES;
				GCC_WARN_ABOUT_RETURN_TYPE = YES_ERROR;
				GCC_WARN_UNDECLARED_SELECTOR = YES;
				GCC_WARN_UNINITIALIZED_AUTOS = YES_AGGRESSIVE;
				GCC_WARN_UNUSED_FUNCTION = YES;
				GCC_WARN_UNUSED_VARIABLE = YES;
				IPHONEOS_DEPLOYMENT_TARGET = 15.4;
				MTL_ENABLE_DEBUG_INFO = INCLUDE_SOURCE;
				MTL_FAST_MATH = YES;
				ONLY_ACTIVE_ARCH = YES;
				SDKROOT = iphoneos;
				SWIFT_ACTIVE_COMPILATION_CONDITIONS = DEBUG;
				SWIFT_OPTIMIZATION_LEVEL = "-Onone";
			};
			name = Debug;
		};
		C001729227F568DF00DBEA47 /* Release */ = {
			isa = XCBuildConfiguration;
			baseConfigurationReference = C0CBE06F27F6DA440047A3B7 /* Keys.xcconfig */;
			buildSettings = {
				ALWAYS_SEARCH_USER_PATHS = NO;
				CLANG_ANALYZER_NONNULL = YES;
				CLANG_ANALYZER_NUMBER_OBJECT_CONVERSION = YES_AGGRESSIVE;
				CLANG_CXX_LANGUAGE_STANDARD = "gnu++17";
				CLANG_ENABLE_MODULES = YES;
				CLANG_ENABLE_OBJC_ARC = YES;
				CLANG_ENABLE_OBJC_WEAK = YES;
				CLANG_WARN_BLOCK_CAPTURE_AUTORELEASING = YES;
				CLANG_WARN_BOOL_CONVERSION = YES;
				CLANG_WARN_COMMA = YES;
				CLANG_WARN_CONSTANT_CONVERSION = YES;
				CLANG_WARN_DEPRECATED_OBJC_IMPLEMENTATIONS = YES;
				CLANG_WARN_DIRECT_OBJC_ISA_USAGE = YES_ERROR;
				CLANG_WARN_DOCUMENTATION_COMMENTS = YES;
				CLANG_WARN_EMPTY_BODY = YES;
				CLANG_WARN_ENUM_CONVERSION = YES;
				CLANG_WARN_INFINITE_RECURSION = YES;
				CLANG_WARN_INT_CONVERSION = YES;
				CLANG_WARN_NON_LITERAL_NULL_CONVERSION = YES;
				CLANG_WARN_OBJC_IMPLICIT_RETAIN_SELF = YES;
				CLANG_WARN_OBJC_LITERAL_CONVERSION = YES;
				CLANG_WARN_OBJC_ROOT_CLASS = YES_ERROR;
				CLANG_WARN_QUOTED_INCLUDE_IN_FRAMEWORK_HEADER = YES;
				CLANG_WARN_RANGE_LOOP_ANALYSIS = YES;
				CLANG_WARN_STRICT_PROTOTYPES = YES;
				CLANG_WARN_SUSPICIOUS_MOVE = YES;
				CLANG_WARN_UNGUARDED_AVAILABILITY = YES_AGGRESSIVE;
				CLANG_WARN_UNREACHABLE_CODE = YES;
				CLANG_WARN__DUPLICATE_METHOD_MATCH = YES;
				COPY_PHASE_STRIP = NO;
				DEBUG_INFORMATION_FORMAT = "dwarf-with-dsym";
				ENABLE_NS_ASSERTIONS = NO;
				ENABLE_STRICT_OBJC_MSGSEND = YES;
				GCC_C_LANGUAGE_STANDARD = gnu11;
				GCC_NO_COMMON_BLOCKS = YES;
				GCC_WARN_64_TO_32_BIT_CONVERSION = YES;
				GCC_WARN_ABOUT_RETURN_TYPE = YES_ERROR;
				GCC_WARN_UNDECLARED_SELECTOR = YES;
				GCC_WARN_UNINITIALIZED_AUTOS = YES_AGGRESSIVE;
				GCC_WARN_UNUSED_FUNCTION = YES;
				GCC_WARN_UNUSED_VARIABLE = YES;
				IPHONEOS_DEPLOYMENT_TARGET = 15.4;
				MTL_ENABLE_DEBUG_INFO = NO;
				MTL_FAST_MATH = YES;
				SDKROOT = iphoneos;
				SWIFT_COMPILATION_MODE = wholemodule;
				SWIFT_OPTIMIZATION_LEVEL = "-O";
				VALIDATE_PRODUCT = YES;
			};
			name = Release;
		};
		C001729427F568DF00DBEA47 /* Debug */ = {
			isa = XCBuildConfiguration;
			buildSettings = {
				ASSETCATALOG_COMPILER_APPICON_NAME = AppIcon;
				ASSETCATALOG_COMPILER_GLOBAL_ACCENT_COLOR_NAME = AccentColor;
				CODE_SIGN_STYLE = Automatic;
				CURRENT_PROJECT_VERSION = 1;
				DEVELOPMENT_TEAM = YJQB4DVQ35;
				GENERATE_INFOPLIST_FILE = YES;
				INFOPLIST_FILE = "ImageSearch/Resource/Supporting Files/Info.plist";
				INFOPLIST_KEY_UIApplicationSupportsIndirectInputEvents = YES;
				INFOPLIST_KEY_UILaunchStoryboardName = LaunchScreen;
				INFOPLIST_KEY_UISupportedInterfaceOrientations = UIInterfaceOrientationPortrait;
				INFOPLIST_KEY_UISupportedInterfaceOrientations_iPad = "UIInterfaceOrientationPortrait UIInterfaceOrientationPortraitUpsideDown UIInterfaceOrientationLandscapeLeft UIInterfaceOrientationLandscapeRight";
				INFOPLIST_KEY_UISupportedInterfaceOrientations_iPhone = "UIInterfaceOrientationPortrait UIInterfaceOrientationLandscapeLeft UIInterfaceOrientationLandscapeRight";
				LD_RUNPATH_SEARCH_PATHS = (
					"$(inherited)",
					"@executable_path/Frameworks",
				);
				MARKETING_VERSION = 1.0;
				PRODUCT_BUNDLE_IDENTIFIER = org.wannagohome.ImageSearch;
				PRODUCT_NAME = "$(TARGET_NAME)";
				SWIFT_EMIT_LOC_STRINGS = YES;
				SWIFT_VERSION = 5.0;
				TARGETED_DEVICE_FAMILY = 1;
			};
			name = Debug;
		};
		C001729527F568DF00DBEA47 /* Release */ = {
			isa = XCBuildConfiguration;
			buildSettings = {
				ASSETCATALOG_COMPILER_APPICON_NAME = AppIcon;
				ASSETCATALOG_COMPILER_GLOBAL_ACCENT_COLOR_NAME = AccentColor;
				CODE_SIGN_STYLE = Automatic;
				CURRENT_PROJECT_VERSION = 1;
				DEVELOPMENT_TEAM = YJQB4DVQ35;
				GENERATE_INFOPLIST_FILE = YES;
				INFOPLIST_FILE = "ImageSearch/Resource/Supporting Files/Info.plist";
				INFOPLIST_KEY_UIApplicationSupportsIndirectInputEvents = YES;
				INFOPLIST_KEY_UILaunchStoryboardName = LaunchScreen;
				INFOPLIST_KEY_UISupportedInterfaceOrientations = UIInterfaceOrientationPortrait;
				INFOPLIST_KEY_UISupportedInterfaceOrientations_iPad = "UIInterfaceOrientationPortrait UIInterfaceOrientationPortraitUpsideDown UIInterfaceOrientationLandscapeLeft UIInterfaceOrientationLandscapeRight";
				INFOPLIST_KEY_UISupportedInterfaceOrientations_iPhone = "UIInterfaceOrientationPortrait UIInterfaceOrientationLandscapeLeft UIInterfaceOrientationLandscapeRight";
				LD_RUNPATH_SEARCH_PATHS = (
					"$(inherited)",
					"@executable_path/Frameworks",
				);
				MARKETING_VERSION = 1.0;
				PRODUCT_BUNDLE_IDENTIFIER = org.wannagohome.ImageSearch;
				PRODUCT_NAME = "$(TARGET_NAME)";
				SWIFT_EMIT_LOC_STRINGS = YES;
				SWIFT_VERSION = 5.0;
				TARGETED_DEVICE_FAMILY = 1;
			};
			name = Release;
		};
		C001729727F568DF00DBEA47 /* Debug */ = {
			isa = XCBuildConfiguration;
			buildSettings = {
				ALWAYS_EMBED_SWIFT_STANDARD_LIBRARIES = YES;
				BUNDLE_LOADER = "$(TEST_HOST)";
				CODE_SIGN_STYLE = Automatic;
				CURRENT_PROJECT_VERSION = 1;
				DEVELOPMENT_TEAM = YJQB4DVQ35;
				GENERATE_INFOPLIST_FILE = YES;
				IPHONEOS_DEPLOYMENT_TARGET = 15.4;
				MARKETING_VERSION = 1.0;
				PRODUCT_BUNDLE_IDENTIFIER = org.wannagohome.ImageSearchTests;
				PRODUCT_NAME = "$(TARGET_NAME)";
				SWIFT_EMIT_LOC_STRINGS = NO;
				SWIFT_VERSION = 5.0;
				TARGETED_DEVICE_FAMILY = "1,2";
				TEST_HOST = "$(BUILT_PRODUCTS_DIR)/ImageSearch.app/ImageSearch";
			};
			name = Debug;
		};
		C001729827F568DF00DBEA47 /* Release */ = {
			isa = XCBuildConfiguration;
			buildSettings = {
				ALWAYS_EMBED_SWIFT_STANDARD_LIBRARIES = YES;
				BUNDLE_LOADER = "$(TEST_HOST)";
				CODE_SIGN_STYLE = Automatic;
				CURRENT_PROJECT_VERSION = 1;
				DEVELOPMENT_TEAM = YJQB4DVQ35;
				GENERATE_INFOPLIST_FILE = YES;
				IPHONEOS_DEPLOYMENT_TARGET = 15.4;
				MARKETING_VERSION = 1.0;
				PRODUCT_BUNDLE_IDENTIFIER = org.wannagohome.ImageSearchTests;
				PRODUCT_NAME = "$(TARGET_NAME)";
				SWIFT_EMIT_LOC_STRINGS = NO;
				SWIFT_VERSION = 5.0;
				TARGETED_DEVICE_FAMILY = "1,2";
				TEST_HOST = "$(BUILT_PRODUCTS_DIR)/ImageSearch.app/ImageSearch";
			};
			name = Release;
		};
		C001729A27F568DF00DBEA47 /* Debug */ = {
			isa = XCBuildConfiguration;
			buildSettings = {
				ALWAYS_EMBED_SWIFT_STANDARD_LIBRARIES = YES;
				CODE_SIGN_STYLE = Automatic;
				CURRENT_PROJECT_VERSION = 1;
				DEVELOPMENT_TEAM = YJQB4DVQ35;
				GENERATE_INFOPLIST_FILE = YES;
				MARKETING_VERSION = 1.0;
				PRODUCT_BUNDLE_IDENTIFIER = org.wannagohome.ImageSearchUITests;
				PRODUCT_NAME = "$(TARGET_NAME)";
				SWIFT_EMIT_LOC_STRINGS = NO;
				SWIFT_VERSION = 5.0;
				TARGETED_DEVICE_FAMILY = "1,2";
				TEST_TARGET_NAME = ImageSearch;
			};
			name = Debug;
		};
		C001729B27F568DF00DBEA47 /* Release */ = {
			isa = XCBuildConfiguration;
			buildSettings = {
				ALWAYS_EMBED_SWIFT_STANDARD_LIBRARIES = YES;
				CODE_SIGN_STYLE = Automatic;
				CURRENT_PROJECT_VERSION = 1;
				DEVELOPMENT_TEAM = YJQB4DVQ35;
				GENERATE_INFOPLIST_FILE = YES;
				MARKETING_VERSION = 1.0;
				PRODUCT_BUNDLE_IDENTIFIER = org.wannagohome.ImageSearchUITests;
				PRODUCT_NAME = "$(TARGET_NAME)";
				SWIFT_EMIT_LOC_STRINGS = NO;
				SWIFT_VERSION = 5.0;
				TARGETED_DEVICE_FAMILY = "1,2";
				TEST_TARGET_NAME = ImageSearch;
			};
			name = Release;
		};
/* End XCBuildConfiguration section */

/* Begin XCConfigurationList section */
		C001726427F568DC00DBEA47 /* Build configuration list for PBXProject "ImageSearch" */ = {
			isa = XCConfigurationList;
			buildConfigurations = (
				C001729127F568DF00DBEA47 /* Debug */,
				C001729227F568DF00DBEA47 /* Release */,
			);
			defaultConfigurationIsVisible = 0;
			defaultConfigurationName = Release;
		};
		C001729327F568DF00DBEA47 /* Build configuration list for PBXNativeTarget "ImageSearch" */ = {
			isa = XCConfigurationList;
			buildConfigurations = (
				C001729427F568DF00DBEA47 /* Debug */,
				C001729527F568DF00DBEA47 /* Release */,
			);
			defaultConfigurationIsVisible = 0;
			defaultConfigurationName = Release;
		};
		C001729627F568DF00DBEA47 /* Build configuration list for PBXNativeTarget "ImageSearchTests" */ = {
			isa = XCConfigurationList;
			buildConfigurations = (
				C001729727F568DF00DBEA47 /* Debug */,
				C001729827F568DF00DBEA47 /* Release */,
			);
			defaultConfigurationIsVisible = 0;
			defaultConfigurationName = Release;
		};
		C001729927F568DF00DBEA47 /* Build configuration list for PBXNativeTarget "ImageSearchUITests" */ = {
			isa = XCConfigurationList;
			buildConfigurations = (
				C001729A27F568DF00DBEA47 /* Debug */,
				C001729B27F568DF00DBEA47 /* Release */,
			);
			defaultConfigurationIsVisible = 0;
			defaultConfigurationName = Release;
		};
/* End XCConfigurationList section */

/* Begin XCRemoteSwiftPackageReference section */
		C001729C27F56A9600DBEA47 /* XCRemoteSwiftPackageReference "ReactorKit" */ = {
			isa = XCRemoteSwiftPackageReference;
			repositoryURL = "https://github.com/ReactorKit/ReactorKit.git";
			requirement = {
				kind = upToNextMajorVersion;
				minimumVersion = 3.0.0;
			};
		};
		C001729F27F56D7700DBEA47 /* XCRemoteSwiftPackageReference "Kingfisher" */ = {
			isa = XCRemoteSwiftPackageReference;
			repositoryURL = "https://github.com/onevcat/Kingfisher.git";
			requirement = {
				kind = upToNextMajorVersion;
				minimumVersion = 7.0.0;
			};
		};
		C0CBE05527F6B2290047A3B7 /* XCRemoteSwiftPackageReference "SnapKit" */ = {
			isa = XCRemoteSwiftPackageReference;
			repositoryURL = "https://github.com/SnapKit/SnapKit.git";
			requirement = {
				kind = upToNextMajorVersion;
				minimumVersion = 5.0.0;
			};
		};
		C0CBE07927F6F6A90047A3B7 /* XCRemoteSwiftPackageReference "Then" */ = {
			isa = XCRemoteSwiftPackageReference;
			repositoryURL = "https://github.com/devxoul/Then.git";
			requirement = {
				kind = upToNextMajorVersion;
				minimumVersion = 2.0.0;
			};
		};
		CD9120F427F5D5F40094EE00 /* XCRemoteSwiftPackageReference "RxSwift" */ = {
			isa = XCRemoteSwiftPackageReference;
			repositoryURL = "https://github.com/ReactiveX/RxSwift";
			requirement = {
				kind = upToNextMajorVersion;
				minimumVersion = 6.0.0;
			};
		};
/* End XCRemoteSwiftPackageReference section */

/* Begin XCSwiftPackageProductDependency section */
		C001729D27F56A9600DBEA47 /* ReactorKit */ = {
			isa = XCSwiftPackageProductDependency;
			package = C001729C27F56A9600DBEA47 /* XCRemoteSwiftPackageReference "ReactorKit" */;
			productName = ReactorKit;
		};
		C00172A027F56D7700DBEA47 /* Kingfisher */ = {
			isa = XCSwiftPackageProductDependency;
			package = C001729F27F56D7700DBEA47 /* XCRemoteSwiftPackageReference "Kingfisher" */;
			productName = Kingfisher;
		};
		C0CBE05627F6B2290047A3B7 /* SnapKit */ = {
			isa = XCSwiftPackageProductDependency;
			package = C0CBE05527F6B2290047A3B7 /* XCRemoteSwiftPackageReference "SnapKit" */;
			productName = SnapKit;
		};
		C0CBE07A27F6F6A90047A3B7 /* Then */ = {
			isa = XCSwiftPackageProductDependency;
			package = C0CBE07927F6F6A90047A3B7 /* XCRemoteSwiftPackageReference "Then" */;
			productName = Then;
		};
		CD9120F527F5D5F40094EE00 /* RxCocoa */ = {
			isa = XCSwiftPackageProductDependency;
			package = CD9120F427F5D5F40094EE00 /* XCRemoteSwiftPackageReference "RxSwift" */;
			productName = RxCocoa;
		};
		CD9120F727F5D5F40094EE00 /* RxSwift */ = {
			isa = XCSwiftPackageProductDependency;
			package = CD9120F427F5D5F40094EE00 /* XCRemoteSwiftPackageReference "RxSwift" */;
			productName = RxSwift;
		};
		CD9120F927F5D5F40094EE00 /* RxTest */ = {
			isa = XCSwiftPackageProductDependency;
			package = CD9120F427F5D5F40094EE00 /* XCRemoteSwiftPackageReference "RxSwift" */;
			productName = RxTest;
		};
/* End XCSwiftPackageProductDependency section */
	};
	rootObject = C001726127F568DC00DBEA47 /* Project object */;
}
